PODS:
  - adit_lin_plugin (0.0.1):
    - Flutter
    - linphone-sdk (= 5.2.102)
  - Flutter (1.0.0)
  - flutter_webrtc (0.9.31):
    - Flutter
    - WebRTC-SDK (= 104.5112.17)
  - fluttertoast (0.0.2):
    - Flutter
    - Toast
  - linphone-sdk (5.2.102)
  - path_provider_foundation (0.0.1):
    - Flutter
    - FlutterMacOS
  - permission_handler_apple (9.1.1):
    - Flutter
  - shared_preferences_foundation (0.0.1):
    - Flutter
    - FlutterMacOS
  - Toast (4.0.0)
  - WebRTC-SDK (104.5112.17)

DEPENDENCIES:
  - adit_lin_plugin (from `.symlinks/plugins/adit_lin_plugin/ios`)
  - Flutter (from `Flutter`)
  - flutter_webrtc (from `.symlinks/plugins/flutter_webrtc/ios`)
  - fluttertoast (from `.symlinks/plugins/fluttertoast/ios`)
  - path_provider_foundation (from `.symlinks/plugins/path_provider_foundation/ios`)
  - permission_handler_apple (from `.symlinks/plugins/permission_handler_apple/ios`)
  - shared_preferences_foundation (from `.symlinks/plugins/shared_preferences_foundation/ios`)

SPEC REPOS:
  https://github.com/CocoaPods/Specs.git:
    - Toast
    - WebRTC-SDK
  https://gitlab.linphone.org/BC/public/podspec.git:
    - linphone-sdk

EXTERNAL SOURCES:
  adit_lin_plugin:
    :path: ".symlinks/plugins/adit_lin_plugin/ios"
  Flutter:
    :path: Flutter
  flutter_webrtc:
    :path: ".symlinks/plugins/flutter_webrtc/ios"
  fluttertoast:
    :path: ".symlinks/plugins/fluttertoast/ios"
  path_provider_foundation:
    :path: ".symlinks/plugins/path_provider_foundation/ios"
  permission_handler_apple:
    :path: ".symlinks/plugins/permission_handler_apple/ios"
  shared_preferences_foundation:
    :path: ".symlinks/plugins/shared_preferences_foundation/ios"

SPEC CHECKSUMS:
  adit_lin_plugin: cc44df3672022674c4402315d58a47c3d70066c3
  Flutter: f04841e97a9d0b0a8025694d0796dd46242b2854
  flutter_webrtc: 02c023207f972145a3bc8c7aada86754f264d563
  fluttertoast: fafc4fa4d01a6a9e4f772ecd190ffa525e9e2d9c
  linphone-sdk: 9f6270409956b5c455e1763590085e84ddf60306
  path_provider_foundation: 29f094ae23ebbca9d3d0cec13889cd9060c0e943
  permission_handler_apple: e76247795d700c14ea09e3a2d8855d41ee80a2e6
  shared_preferences_foundation: 5b919d13b803cadd15ed2dc053125c68730e5126
  Toast: 91b396c56ee72a5790816f40d3a94dd357abc196
  WebRTC-SDK: 082ae4893212534a779ca233f19a9df8efd5f3bd

PODFILE CHECKSUM: 20eeb8717724b86ae0b124710eba2a8530f04567

COCOAPODS: 1.12.1
